
Microsoft Visual Studio Solution File, Format Version 12.00
# Visual Studio Version 16
VisualStudioVersion = 16.0.31613.86
MinimumVisualStudioVersion = 10.0.40219.1
Project("{FAE04EC0-301F-11D3-BF4B-00C04F79EFBC}") = "EasyRESTClient", "EasyRESTClient\EasyRESTClient.csproj", "{5E2F980D-CB6D-42CB-98D3-AC1A2EA252F3}"
EndProject
Global
	GlobalSection(SolutionConfigurationPlatforms) = preSolution
		Debug|Any CPU = Debug|Any CPU
		Release|Any CPU = Release|Any CPU
	EndGlobalSection
	GlobalSection(ProjectConfigurationPlatforms) = postSolution
		{5E2F980D-CB6D-42CB-98D3-AC1A2EA252F3}.Debug|Any CPU.ActiveCfg = Debug|Any CPU
		{5E2F980D-CB6D-42CB-98D3-AC1A2EA252F3}.Debug|Any CPU.Build.0 = Debug|Any CPU
		{5E2F980D-CB6D-42CB-98D3-AC1A2EA252F3}.Release|Any CPU.ActiveCfg = Release|Any CPU
		{5E2F980D-CB6D-42CB-98D3-AC1A2EA252F3}.Release|Any CPU.Build.0 = Release|Any CPU
	EndGlobalSection
	GlobalSection(SolutionProperties) = preSolution
		HideSolutionNode = FALSE
	EndGlobalSection
	GlobalSection(ExtensibilityGlobals) = postSolution
		SolutionGuid = {61C6EF37-D75B-468D-B7F0-FC2122AF9F6C}
	EndGlobalSection
EndGlobal
